// !$*UTF8*$!
{
	archiveVersion = 1;
	classes = {
	};
	objectVersion = 50;
	objects = {

/* Begin PBXBuildFile section */
		CC74DD99215E8731003C06D2 /* AppDelegate.swift in Sources */ = {isa = PBXBuildFile; fileRef = CC74DD98215E8731003C06D2 /* AppDelegate.swift */; };
		CC74DD9E215E8731003C06D2 /* Main.storyboard in Resources */ = {isa = PBXBuildFile; fileRef = CC74DD9C215E8731003C06D2 /* Main.storyboard */; };
		CC74DDA0215E8732003C06D2 /* Assets.xcassets in Resources */ = {isa = PBXBuildFile; fileRef = CC74DD9F215E8732003C06D2 /* Assets.xcassets */; };
		CC74DDA3215E8732003C06D2 /* LaunchScreen.storyboard in Resources */ = {isa = PBXBuildFile; fileRef = CC74DDA1215E8732003C06D2 /* LaunchScreen.storyboard */; };
		CC74DDAE215E8733003C06D2 /* GlobeNotesTests.swift in Sources */ = {isa = PBXBuildFile; fileRef = CC74DDAD215E8733003C06D2 /* GlobeNotesTests.swift */; };
		CC74DDB9215E8733003C06D2 /* GlobeNotesUITests.swift in Sources */ = {isa = PBXBuildFile; fileRef = CC74DDB8215E8733003C06D2 /* GlobeNotesUITests.swift */; };
		CC74DDC9215E88F0003C06D2 /* SignUpViewController.swift in Sources */ = {isa = PBXBuildFile; fileRef = CC74DDC8215E88F0003C06D2 /* SignUpViewController.swift */; };
		CC74DDCB215E8911003C06D2 /* SignInViewController.swift in Sources */ = {isa = PBXBuildFile; fileRef = CC74DDCA215E8911003C06D2 /* SignInViewController.swift */; };
		CC74DDCE215E8B35003C06D2 /* Extensions.swift in Sources */ = {isa = PBXBuildFile; fileRef = CC74DDCD215E8B35003C06D2 /* Extensions.swift */; };
/* End PBXBuildFile section */

/* Begin PBXContainerItemProxy section */
		CC74DDAA215E8733003C06D2 /* PBXContainerItemProxy */ = {
			isa = PBXContainerItemProxy;
			containerPortal = CC74DD8D215E8731003C06D2 /* Project object */;
			proxyType = 1;
			remoteGlobalIDString = CC74DD94215E8731003C06D2;
			remoteInfo = GlobeNotes;
		};
		CC74DDB5215E8733003C06D2 /* PBXContainerItemProxy */ = {
			isa = PBXContainerItemProxy;
			containerPortal = CC74DD8D215E8731003C06D2 /* Project object */;
			proxyType = 1;
			remoteGlobalIDString = CC74DD94215E8731003C06D2;
			remoteInfo = GlobeNotes;
		};
/* End PBXContainerItemProxy section */

/* Begin PBXFileReference section */
		CC74DD95215E8731003C06D2 /* GlobeNotes.app */ = {isa = PBXFileReference; explicitFileType = wrapper.application; includeInIndex = 0; path = GlobeNotes.app; sourceTree = BUILT_PRODUCTS_DIR; };
		CC74DD98215E8731003C06D2 /* AppDelegate.swift */ = {isa = PBXFileReference; lastKnownFileType = sourcecode.swift; path = AppDelegate.swift; sourceTree = "<group>"; };
		CC74DD9D215E8731003C06D2 /* Base */ = {isa = PBXFileReference; lastKnownFileType = file.storyboard; name = Base; path = Base.lproj/Main.storyboard; sourceTree = "<group>"; };
		CC74DD9F215E8732003C06D2 /* Assets.xcassets */ = {isa = PBXFileReference; lastKnownFileType = folder.assetcatalog; path = Assets.xcassets; sourceTree = "<group>"; };
		CC74DDA2215E8732003C06D2 /* Base */ = {isa = PBXFileReference; lastKnownFileType = file.storyboard; name = Base; path = Base.lproj/LaunchScreen.storyboard; sourceTree = "<group>"; };
		CC74DDA4215E8732003C06D2 /* Info.plist */ = {isa = PBXFileReference; lastKnownFileType = text.plist.xml; path = Info.plist; sourceTree = "<group>"; };
		CC74DDA9215E8733003C06D2 /* GlobeNotesTests.xctest */ = {isa = PBXFileReference; explicitFileType = wrapper.cfbundle; includeInIndex = 0; path = GlobeNotesTests.xctest; sourceTree = BUILT_PRODUCTS_DIR; };
		CC74DDAD215E8733003C06D2 /* GlobeNotesTests.swift */ = {isa = PBXFileReference; lastKnownFileType = sourcecode.swift; path = GlobeNotesTests.swift; sourceTree = "<group>"; };
		CC74DDAF215E8733003C06D2 /* Info.plist */ = {isa = PBXFileReference; lastKnownFileType = text.plist.xml; path = Info.plist; sourceTree = "<group>"; };
		CC74DDB4215E8733003C06D2 /* GlobeNotesUITests.xctest */ = {isa = PBXFileReference; explicitFileType = wrapper.cfbundle; includeInIndex = 0; path = GlobeNotesUITests.xctest; sourceTree = BUILT_PRODUCTS_DIR; };
		CC74DDB8215E8733003C06D2 /* GlobeNotesUITests.swift */ = {isa = PBXFileReference; lastKnownFileType = sourcecode.swift; path = GlobeNotesUITests.swift; sourceTree = "<group>"; };
		CC74DDBA215E8733003C06D2 /* Info.plist */ = {isa = PBXFileReference; lastKnownFileType = text.plist.xml; path = Info.plist; sourceTree = "<group>"; };
		CC74DDC8215E88F0003C06D2 /* SignUpViewController.swift */ = {isa = PBXFileReference; lastKnownFileType = sourcecode.swift; path = SignUpViewController.swift; sourceTree = "<group>"; };
		CC74DDCA215E8911003C06D2 /* SignInViewController.swift */ = {isa = PBXFileReference; lastKnownFileType = sourcecode.swift; path = SignInViewController.swift; sourceTree = "<group>"; };
		CC74DDCD215E8B35003C06D2 /* Extensions.swift */ = {isa = PBXFileReference; lastKnownFileType = sourcecode.swift; path = Extensions.swift; sourceTree = "<group>"; };
/* End PBXFileReference section */

/* Begin PBXFrameworksBuildPhase section */
		CC74DD92215E8731003C06D2 /* Frameworks */ = {
			isa = PBXFrameworksBuildPhase;
			buildActionMask = 2147483647;
			files = (
			);
			runOnlyForDeploymentPostprocessing = 0;
		};
		CC74DDA6215E8733003C06D2 /* Frameworks */ = {
			isa = PBXFrameworksBuildPhase;
			buildActionMask = 2147483647;
			files = (
			);
			runOnlyForDeploymentPostprocessing = 0;
		};
		CC74DDB1215E8733003C06D2 /* Frameworks */ = {
			isa = PBXFrameworksBuildPhase;
			buildActionMask = 2147483647;
			files = (
			);
			runOnlyForDeploymentPostprocessing = 0;
		};
/* End PBXFrameworksBuildPhase section */

/* Begin PBXGroup section */
		CC74DD8C215E8731003C06D2 = {
			isa = PBXGroup;
			children = (
				CC74DD97215E8731003C06D2 /* GlobeNotes */,
				CC74DDAC215E8733003C06D2 /* GlobeNotesTests */,
				CC74DDB7215E8733003C06D2 /* GlobeNotesUITests */,
				CC74DD96215E8731003C06D2 /* Products */,
			);
			sourceTree = "<group>";
		};
		CC74DD96215E8731003C06D2 /* Products */ = {
			isa = PBXGroup;
			children = (
				CC74DD95215E8731003C06D2 /* GlobeNotes.app */,
				CC74DDA9215E8733003C06D2 /* GlobeNotesTests.xctest */,
				CC74DDB4215E8733003C06D2 /* GlobeNotesUITests.xctest */,
			);
			name = Products;
			sourceTree = "<group>";
		};
		CC74DD97215E8731003C06D2 /* GlobeNotes */ = {
			isa = PBXGroup;
			children = (
				CC74DDCC215E8B2A003C06D2 /* Utils */,
				CC74DDC7215E88DE003C06D2 /* Views */,
				CC74DD98215E8731003C06D2 /* AppDelegate.swift */,
				CC74DD9C215E8731003C06D2 /* Main.storyboard */,
				CC74DD9F215E8732003C06D2 /* Assets.xcassets */,
				CC74DDA1215E8732003C06D2 /* LaunchScreen.storyboard */,
				CC74DDA4215E8732003C06D2 /* Info.plist */,
			);
			path = GlobeNotes;
			sourceTree = "<group>";
		};
		CC74DDAC215E8733003C06D2 /* GlobeNotesTests */ = {
			isa = PBXGroup;
			children = (
				CC74DDAD215E8733003C06D2 /* GlobeNotesTests.swift */,
				CC74DDAF215E8733003C06D2 /* Info.plist */,
			);
			path = GlobeNotesTests;
			sourceTree = "<group>";
		};
		CC74DDB7215E8733003C06D2 /* GlobeNotesUITests */ = {
			isa = PBXGroup;
			children = (
				CC74DDB8215E8733003C06D2 /* GlobeNotesUITests.swift */,
				CC74DDBA215E8733003C06D2 /* Info.plist */,
			);
			path = GlobeNotesUITests;
			sourceTree = "<group>";
		};
		CC74DDC6215E88C7003C06D2 /* Login */ = {
			isa = PBXGroup;
			children = (
				CC74DDC8215E88F0003C06D2 /* SignUpViewController.swift */,
				CC74DDCA215E8911003C06D2 /* SignInViewController.swift */,
			);
			path = Login;
			sourceTree = "<group>";
		};
		CC74DDC7215E88DE003C06D2 /* Views */ = {
			isa = PBXGroup;
			children = (
				CC74DDC6215E88C7003C06D2 /* Login */,
			);
			path = Views;
			sourceTree = "<group>";
		};
		CC74DDCC215E8B2A003C06D2 /* Utils */ = {
			isa = PBXGroup;
			children = (
				CC74DDCD215E8B35003C06D2 /* Extensions.swift */,
			);
			path = Utils;
			sourceTree = "<group>";
		};
/* End PBXGroup section */

/* Begin PBXNativeTarget section */
		CC74DD94215E8731003C06D2 /* GlobeNotes */ = {
			isa = PBXNativeTarget;
			buildConfigurationList = CC74DDBD215E8733003C06D2 /* Build configuration list for PBXNativeTarget "GlobeNotes" */;
			buildPhases = (
				CC74DD91215E8731003C06D2 /* Sources */,
				CC74DD92215E8731003C06D2 /* Frameworks */,
				CC74DD93215E8731003C06D2 /* Resources */,
			);
			buildRules = (
			);
			dependencies = (
			);
			name = GlobeNotes;
			productName = GlobeNotes;
			productReference = CC74DD95215E8731003C06D2 /* GlobeNotes.app */;
			productType = "com.apple.product-type.application";
		};
		CC74DDA8215E8733003C06D2 /* GlobeNotesTests */ = {
			isa = PBXNativeTarget;
			buildConfigurationList = CC74DDC0215E8733003C06D2 /* Build configuration list for PBXNativeTarget "GlobeNotesTests" */;
			buildPhases = (
				CC74DDA5215E8733003C06D2 /* Sources */,
				CC74DDA6215E8733003C06D2 /* Frameworks */,
				CC74DDA7215E8733003C06D2 /* Resources */,
			);
			buildRules = (
			);
			dependencies = (
				CC74DDAB215E8733003C06D2 /* PBXTargetDependency */,
			);
			name = GlobeNotesTests;
			productName = GlobeNotesTests;
			productReference = CC74DDA9215E8733003C06D2 /* GlobeNotesTests.xctest */;
			productType = "com.apple.product-type.bundle.unit-test";
		};
		CC74DDB3215E8733003C06D2 /* GlobeNotesUITests */ = {
			isa = PBXNativeTarget;
			buildConfigurationList = CC74DDC3215E8733003C06D2 /* Build configuration list for PBXNativeTarget "GlobeNotesUITests" */;
			buildPhases = (
				CC74DDB0215E8733003C06D2 /* Sources */,
				CC74DDB1215E8733003C06D2 /* Frameworks */,
				CC74DDB2215E8733003C06D2 /* Resources */,
			);
			buildRules = (
			);
			dependencies = (
				CC74DDB6215E8733003C06D2 /* PBXTargetDependency */,
			);
			name = GlobeNotesUITests;
			productName = GlobeNotesUITests;
			productReference = CC74DDB4215E8733003C06D2 /* GlobeNotesUITests.xctest */;
			productType = "com.apple.product-type.bundle.ui-testing";
		};
/* End PBXNativeTarget section */

/* Begin PBXProject section */
		CC74DD8D215E8731003C06D2 /* Project object */ = {
			isa = PBXProject;
			attributes = {
				LastSwiftUpdateCheck = 0940;
				LastUpgradeCheck = 0940;
				ORGANIZATIONNAME = "magnus holm";
				TargetAttributes = {
					CC74DD94215E8731003C06D2 = {
						CreatedOnToolsVersion = 9.4.1;
					};
					CC74DDA8215E8733003C06D2 = {
						CreatedOnToolsVersion = 9.4.1;
						TestTargetID = CC74DD94215E8731003C06D2;
					};
					CC74DDB3215E8733003C06D2 = {
						CreatedOnToolsVersion = 9.4.1;
						TestTargetID = CC74DD94215E8731003C06D2;
					};
				};
			};
			buildConfigurationList = CC74DD90215E8731003C06D2 /* Build configuration list for PBXProject "GlobeNotes" */;
			compatibilityVersion = "Xcode 9.3";
			developmentRegion = en;
			hasScannedForEncodings = 0;
			knownRegions = (
				en,
				Base,
			);
			mainGroup = CC74DD8C215E8731003C06D2;
			productRefGroup = CC74DD96215E8731003C06D2 /* Products */;
			projectDirPath = "";
			projectRoot = "";
			targets = (
				CC74DD94215E8731003C06D2 /* GlobeNotes */,
				CC74DDA8215E8733003C06D2 /* GlobeNotesTests */,
				CC74DDB3215E8733003C06D2 /* GlobeNotesUITests */,
			);
		};
/* End PBXProject section */

/* Begin PBXResourcesBuildPhase section */
		CC74DD93215E8731003C06D2 /* Resources */ = {
			isa = PBXResourcesBuildPhase;
			buildActionMask = 2147483647;
			files = (
				CC74DDA3215E8732003C06D2 /* LaunchScreen.storyboard in Resources */,
				CC74DDA0215E8732003C06D2 /* Assets.xcassets in Resources */,
				CC74DD9E215E8731003C06D2 /* Main.storyboard in Resources */,
			);
			runOnlyForDeploymentPostprocessing = 0;
		};
		CC74DDA7215E8733003C06D2 /* Resources */ = {
			isa = PBXResourcesBuildPhase;
			buildActionMask = 2147483647;
			files = (
			);
			runOnlyForDeploymentPostprocessing = 0;
		};
		CC74DDB2215E8733003C06D2 /* Resources */ = {
			isa = PBXResourcesBuildPhase;
			buildActionMask = 2147483647;
			files = (
			);
			runOnlyForDeploymentPostprocessing = 0;
		};
/* End PBXResourcesBuildPhase section */

/* Begin PBXSourcesBuildPhase section */
		CC74DD91215E8731003C06D2 /* Sources */ = {
			isa = PBXSourcesBuildPhase;
			buildActionMask = 2147483647;
			files = (
				CC74DDC9215E88F0003C06D2 /* SignUpViewController.swift in Sources */,
				CC74DD99215E8731003C06D2 /* AppDelegate.swift in Sources */,
				CC74DDCB215E8911003C06D2 /* SignInViewController.swift in Sources */,
				CC74DDCE215E8B35003C06D2 /* Extensions.swift in Sources */,
			);
			runOnlyForDeploymentPostprocessing = 0;
		};
		CC74DDA5215E8733003C06D2 /* Sources */ = {
			isa = PBXSourcesBuildPhase;
			buildActionMask = 2147483647;
			files = (
				CC74DDAE215E8733003C06D2 /* GlobeNotesTests.swift in Sources */,
			);
			runOnlyForDeploymentPostprocessing = 0;
		};
		CC74DDB0215E8733003C06D2 /* Sources */ = {
			isa = PBXSourcesBuildPhase;
			buildActionMask = 2147483647;
			files = (
				CC74DDB9215E8733003C06D2 /* GlobeNotesUITests.swift in Sources */,
			);
			runOnlyForDeploymentPostprocessing = 0;
		};
/* End PBXSourcesBuildPhase section */

/* Begin PBXTargetDependency section */
		CC74DDAB215E8733003C06D2 /* PBXTargetDependency */ = {
			isa = PBXTargetDependency;
			target = CC74DD94215E8731003C06D2 /* GlobeNotes */;
			targetProxy = CC74DDAA215E8733003C06D2 /* PBXContainerItemProxy */;
		};
		CC74DDB6215E8733003C06D2 /* PBXTargetDependency */ = {
			isa = PBXTargetDependency;
			target = CC74DD94215E8731003C06D2 /* GlobeNotes */;
			targetProxy = CC74DDB5215E8733003C06D2 /* PBXContainerItemProxy */;
		};
/* End PBXTargetDependency section */

/* Begin PBXVariantGroup section */
		CC74DD9C215E8731003C06D2 /* Main.storyboard */ = {
			isa = PBXVariantGroup;
			children = (
				CC74DD9D215E8731003C06D2 /* Base */,
			);
			name = Main.storyboard;
			sourceTree = "<group>";
		};
		CC74DDA1215E8732003C06D2 /* LaunchScreen.storyboard */ = {
			isa = PBXVariantGroup;
			children = (
				CC74DDA2215E8732003C06D2 /* Base */,
			);
			name = LaunchScreen.storyboard;
			sourceTree = "<group>";
		};
/* End PBXVariantGroup section */

/* Begin XCBuildConfiguration section */
		CC74DDBB215E8733003C06D2 /* Debug */ = {
			isa = XCBuildConfiguration;
			buildSettings = {
				ALWAYS_SEARCH_USER_PATHS = NO;
				CLANG_ANALYZER_NONNULL = YES;
				CLANG_ANALYZER_NUMBER_OBJECT_CONVERSION = YES_AGGRESSIVE;
				CLANG_CXX_LANGUAGE_STANDARD = "gnu++14";
				CLANG_CXX_LIBRARY = "libc++";
				CLANG_ENABLE_MODULES = YES;
				CLANG_ENABLE_OBJC_ARC = YES;
				CLANG_ENABLE_OBJC_WEAK = YES;
				CLANG_WARN_BLOCK_CAPTURE_AUTORELEASING = YES;
				CLANG_WARN_BOOL_CONVERSION = YES;
				CLANG_WARN_COMMA = YES;
				CLANG_WARN_CONSTANT_CONVERSION = YES;
				CLANG_WARN_DEPRECATED_OBJC_IMPLEMENTATIONS = YES;
				CLANG_WARN_DIRECT_OBJC_ISA_USAGE = YES_ERROR;
				CLANG_WARN_DOCUMENTATION_COMMENTS = YES;
				CLANG_WARN_EMPTY_BODY = YES;
				CLANG_WARN_ENUM_CONVERSION = YES;
				CLANG_WARN_INFINITE_RECURSION = YES;
				CLANG_WARN_INT_CONVERSION = YES;
				CLANG_WARN_NON_LITERAL_NULL_CONVERSION = YES;
				CLANG_WARN_OBJC_IMPLICIT_RETAIN_SELF = YES;
				CLANG_WARN_OBJC_LITERAL_CONVERSION = YES;
				CLANG_WARN_OBJC_ROOT_CLASS = YES_ERROR;
				CLANG_WARN_RANGE_LOOP_ANALYSIS = YES;
				CLANG_WARN_STRICT_PROTOTYPES = YES;
				CLANG_WARN_SUSPICIOUS_MOVE = YES;
				CLANG_WARN_UNGUARDED_AVAILABILITY = YES_AGGRESSIVE;
				CLANG_WARN_UNREACHABLE_CODE = YES;
				CLANG_WARN__DUPLICATE_METHOD_MATCH = YES;
				CODE_SIGN_IDENTITY = "iPhone Developer";
				COPY_PHASE_STRIP = NO;
				DEBUG_INFORMATION_FORMAT = dwarf;
				ENABLE_STRICT_OBJC_MSGSEND = YES;
				ENABLE_TESTABILITY = YES;
				GCC_C_LANGUAGE_STANDARD = gnu11;
				GCC_DYNAMIC_NO_PIC = NO;
				GCC_NO_COMMON_BLOCKS = YES;
				GCC_OPTIMIZATION_LEVEL = 0;
				GCC_PREPROCESSOR_DEFINITIONS = (
					"DEBUG=1",
					"$(inherited)",
				);
				GCC_WARN_64_TO_32_BIT_CONVERSION = YES;
				GCC_WARN_ABOUT_RETURN_TYPE = YES_ERROR;
				GCC_WARN_UNDECLARED_SELECTOR = YES;
				GCC_WARN_UNINITIALIZED_AUTOS = YES_AGGRESSIVE;
				GCC_WARN_UNUSED_FUNCTION = YES;
				GCC_WARN_UNUSED_VARIABLE = YES;
				IPHONEOS_DEPLOYMENT_TARGET = 11.4;
				MTL_ENABLE_DEBUG_INFO = YES;
				ONLY_ACTIVE_ARCH = YES;
				SDKROOT = iphoneos;
				SWIFT_ACTIVE_COMPILATION_CONDITIONS = DEBUG;
				SWIFT_OPTIMIZATION_LEVEL = "-Onone";
			};
			name = Debug;
		};
		CC74DDBC215E8733003C06D2 /* Release */ = {
			isa = XCBuildConfiguration;
			buildSettings = {
				ALWAYS_SEARCH_USER_PATHS = NO;
				CLANG_ANALYZER_NONNULL = YES;
				CLANG_ANALYZER_NUMBER_OBJECT_CONVERSION = YES_AGGRESSIVE;
				CLANG_CXX_LANGUAGE_STANDARD = "gnu++14";
				CLANG_CXX_LIBRARY = "libc++";
				CLANG_ENABLE_MODULES = YES;
				CLANG_ENABLE_OBJC_ARC = YES;
				CLANG_ENABLE_OBJC_WEAK = YES;
				CLANG_WARN_BLOCK_CAPTURE_AUTORELEASING = YES;
				CLANG_WARN_BOOL_CONVERSION = YES;
				CLANG_WARN_COMMA = YES;
				CLANG_WARN_CONSTANT_CONVERSION = YES;
				CLANG_WARN_DEPRECATED_OBJC_IMPLEMENTATIONS = YES;
				CLANG_WARN_DIRECT_OBJC_ISA_USAGE = YES_ERROR;
				CLANG_WARN_DOCUMENTATION_COMMENTS = YES;
				CLANG_WARN_EMPTY_BODY = YES;
				CLANG_WARN_ENUM_CONVERSION = YES;
				CLANG_WARN_INFINITE_RECURSION = YES;
				CLANG_WARN_INT_CONVERSION = YES;
				CLANG_WARN_NON_LITERAL_NULL_CONVERSION = YES;
				CLANG_WARN_OBJC_IMPLICIT_RETAIN_SELF = YES;
				CLANG_WARN_OBJC_LITERAL_CONVERSION = YES;
				CLANG_WARN_OBJC_ROOT_CLASS = YES_ERROR;
				CLANG_WARN_RANGE_LOOP_ANALYSIS = YES;
				CLANG_WARN_STRICT_PROTOTYPES = YES;
				CLANG_WARN_SUSPICIOUS_MOVE = YES;
				CLANG_WARN_UNGUARDED_AVAILABILITY = YES_AGGRESSIVE;
				CLANG_WARN_UNREACHABLE_CODE = YES;
				CLANG_WARN__DUPLICATE_METHOD_MATCH = YES;
				CODE_SIGN_IDENTITY = "iPhone Developer";
				COPY_PHASE_STRIP = NO;
				DEBUG_INFORMATION_FORMAT = "dwarf-with-dsym";
				ENABLE_NS_ASSERTIONS = NO;
				ENABLE_STRICT_OBJC_MSGSEND = YES;
				GCC_C_LANGUAGE_STANDARD = gnu11;
				GCC_NO_COMMON_BLOCKS = YES;
				GCC_WARN_64_TO_32_BIT_CONVERSION = YES;
				GCC_WARN_ABOUT_RETURN_TYPE = YES_ERROR;
				GCC_WARN_UNDECLARED_SELECTOR = YES;
				GCC_WARN_UNINITIALIZED_AUTOS = YES_AGGRESSIVE;
				GCC_WARN_UNUSED_FUNCTION = YES;
				GCC_WARN_UNUSED_VARIABLE = YES;
				IPHONEOS_DEPLOYMENT_TARGET = 11.4;
				MTL_ENABLE_DEBUG_INFO = NO;
				SDKROOT = iphoneos;
				SWIFT_COMPILATION_MODE = wholemodule;
				SWIFT_OPTIMIZATION_LEVEL = "-O";
				VALIDATE_PRODUCT = YES;
			};
			name = Release;
		};
		CC74DDBE215E8733003C06D2 /* Debug */ = {
			isa = XCBuildConfiguration;
			buildSettings = {
				ASSETCATALOG_COMPILER_APPICON_NAME = AppIcon;
				CODE_SIGN_STYLE = Automatic;
				DEVELOPMENT_TEAM = DF28856VV6;
				INFOPLIST_FILE = GlobeNotes/Info.plist;
				LD_RUNPATH_SEARCH_PATHS = (
					"$(inherited)",
					"@executable_path/Frameworks",
				);
				PRODUCT_BUNDLE_IDENTIFIER = com.magnusholm.GlobeNotes;
				PRODUCT_NAME = "$(TARGET_NAME)";
				SWIFT_VERSION = 4.0;
				TARGETED_DEVICE_FAMILY = "1,2";
			};
			name = Debug;
		};
		CC74DDBF215E8733003C06D2 /* Release */ = {
			isa = XCBuildConfiguration;
			buildSettings = {
				ASSETCATALOG_COMPILER_APPICON_NAME = AppIcon;
				CODE_SIGN_STYLE = Automatic;
				DEVELOPMENT_TEAM = DF28856VV6;
				INFOPLIST_FILE = GlobeNotes/Info.plist;
				LD_RUNPATH_SEARCH_PATHS = (
					"$(inherited)",
					"@executable_path/Frameworks",
				);
				PRODUCT_BUNDLE_IDENTIFIER = com.magnusholm.GlobeNotes;
				PRODUCT_NAME = "$(TARGET_NAME)";
				SWIFT_VERSION = 4.0;
				TARGETED_DEVICE_FAMILY = "1,2";
			};
			name = Release;
		};
		CC74DDC1215E8733003C06D2 /* Debug */ = {
			isa = XCBuildConfiguration;
			buildSettings = {
				ALWAYS_EMBED_SWIFT_STANDARD_LIBRARIES = YES;
				BUNDLE_LOADER = "$(TEST_HOST)";
				CODE_SIGN_STYLE = Automatic;
				DEVELOPMENT_TEAM = DF28856VV6;
				INFOPLIST_FILE = GlobeNotesTests/Info.plist;
				LD_RUNPATH_SEARCH_PATHS = (
					"$(inherited)",
					"@executable_path/Frameworks",
					"@loader_path/Frameworks",
				);
				PRODUCT_BUNDLE_IDENTIFIER = com.magnusholm.GlobeNotesTests;
				PRODUCT_NAME = "$(TARGET_NAME)";
				SWIFT_VERSION = 4.0;
				TARGETED_DEVICE_FAMILY = "1,2";
				TEST_HOST = "$(BUILT_PRODUCTS_DIR)/GlobeNotes.app/GlobeNotes";
			};
			name = Debug;
		};
		CC74DDC2215E8733003C06D2 /* Release */ = {
			isa = XCBuildConfiguration;
			buildSettings = {
				ALWAYS_EMBED_SWIFT_STANDARD_LIBRARIES = YES;
				BUNDLE_LOADER = "$(TEST_HOST)";
				CODE_SIGN_STYLE = Automatic;
				DEVELOPMENT_TEAM = DF28856VV6;
				INFOPLIST_FILE = GlobeNotesTests/Info.plist;
				LD_RUNPATH_SEARCH_PATHS = (
					"$(inherited)",
					"@executable_path/Frameworks",
					"@loader_path/Frameworks",
				);
				PRODUCT_BUNDLE_IDENTIFIER = com.magnusholm.GlobeNotesTests;
				PRODUCT_NAME = "$(TARGET_NAME)";
				SWIFT_VERSION = 4.0;
				TARGETED_DEVICE_FAMILY = "1,2";
				TEST_HOST = "$(BUILT_PRODUCTS_DIR)/GlobeNotes.app/GlobeNotes";
			};
			name = Release;
		};
		CC74DDC4215E8733003C06D2 /* Debug */ = {
			isa = XCBuildConfiguration;
			buildSettings = {
				ALWAYS_EMBED_SWIFT_STANDARD_LIBRARIES = YES;
				CODE_SIGN_STYLE = Automatic;
				DEVELOPMENT_TEAM = DF28856VV6;
				INFOPLIST_FILE = GlobeNotesUITests/Info.plist;
				LD_RUNPATH_SEARCH_PATHS = (
					"$(inherited)",
					"@executable_path/Frameworks",
					"@loader_path/Frameworks",
				);
				PRODUCT_BUNDLE_IDENTIFIER = com.magnusholm.GlobeNotesUITests;
				PRODUCT_NAME = "$(TARGET_NAME)";
				SWIFT_VERSION = 4.0;
				TARGETED_DEVICE_FAMILY = "1,2";
				TEST_TARGET_NAME = GlobeNotes;
			};
			name = Debug;
		};
		CC74DDC5215E8733003C06D2 /* Release */ = {
			isa = XCBuildConfiguration;
			buildSettings = {
				ALWAYS_EMBED_SWIFT_STANDARD_LIBRARIES = YES;
				CODE_SIGN_STYLE = Automatic;
				DEVELOPMENT_TEAM = DF28856VV6;
				INFOPLIST_FILE = GlobeNotesUITests/Info.plist;
				LD_RUNPATH_SEARCH_PATHS = (
					"$(inherited)",
					"@executable_path/Frameworks",
					"@loader_path/Frameworks",
				);
				PRODUCT_BUNDLE_IDENTIFIER = com.magnusholm.GlobeNotesUITests;
				PRODUCT_NAME = "$(TARGET_NAME)";
				SWIFT_VERSION = 4.0;
				TARGETED_DEVICE_FAMILY = "1,2";
				TEST_TARGET_NAME = GlobeNotes;
			};
			name = Release;
		};
/* End XCBuildConfiguration section */

/* Begin XCConfigurationList section */
		CC74DD90215E8731003C06D2 /* Build configuration list for PBXProject "GlobeNotes" */ = {
			isa = XCConfigurationList;
			buildConfigurations = (
				CC74DDBB215E8733003C06D2 /* Debug */,
				CC74DDBC215E8733003C06D2 /* Release */,
			);
			defaultConfigurationIsVisible = 0;
			defaultConfigurationName = Release;
		};
		CC74DDBD215E8733003C06D2 /* Build configuration list for PBXNativeTarget "GlobeNotes" */ = {
			isa = XCConfigurationList;
			buildConfigurations = (
				CC74DDBE215E8733003C06D2 /* Debug */,
				CC74DDBF215E8733003C06D2 /* Release */,
			);
			defaultConfigurationIsVisible = 0;
			defaultConfigurationName = Release;
		};
		CC74DDC0215E8733003C06D2 /* Build configuration list for PBXNativeTarget "GlobeNotesTests" */ = {
			isa = XCConfigurationList;
			buildConfigurations = (
				CC74DDC1215E8733003C06D2 /* Debug */,
				CC74DDC2215E8733003C06D2 /* Release */,
			);
			defaultConfigurationIsVisible = 0;
			defaultConfigurationName = Release;
		};
		CC74DDC3215E8733003C06D2 /* Build configuration list for PBXNativeTarget "GlobeNotesUITests" */ = {
			isa = XCConfigurationList;
			buildConfigurations = (
				CC74DDC4215E8733003C06D2 /* Debug */,
				CC74DDC5215E8733003C06D2 /* Release */,
			);
			defaultConfigurationIsVisible = 0;
			defaultConfigurationName = Release;
		};
/* End XCConfigurationList section */
	};
	rootObject = CC74DD8D215E8731003C06D2 /* Project object */;
}
